
Microsoft Visual Studio Solution File, Format Version 12.00
# Visual Studio Version 16
VisualStudioVersion = 25.0.1706.14
MinimumVisualStudioVersion = 10.0.40219.1
Project("{FAE04EC0-301F-11D3-BF4B-00C04F79EFBC}") = "AddressBook", "AddressBook.csproj", "{6B1D6859-7B9A-40FD-92D1-1158012DE491}"
EndProject
Project("{FAE04EC0-301F-11D3-BF4B-00C04F79EFBC}") = "BusinessLayer", "..\BusinessLayer\BusinessLayer.csproj", "{D3073998-62C6-4956-A87C-617400B968C8}"
EndProject
Project("{FAE04EC0-301F-11D3-BF4B-00C04F79EFBC}") = "RepositoryLayer", "..\RepositoryLayer\RepositoryLayer.csproj", "{DE08A109-1CAA-4AE4-90A4-965ED37A1819}"
EndProject
Project("{FAE04EC0-301F-11D3-BF4B-00C04F79EFBC}") = "ModelLayer", "..\ModelLayer\ModelLayer.csproj", "{B957BAA1-3331-4D69-BC93-3D08484E35A2}"
EndProject
Project("{FAE04EC0-301F-11D3-BF4B-00C04F79EFBC}") = "RabbitMQConsumer", "..\RabbitMQConsumer\RabbitMQConsumer.csproj", "{FE496DB4-A78D-4BE6-AE2B-5C6A5196A431}"
EndProject
Global
	GlobalSection(SolutionConfigurationPlatforms) = preSolution
		Debug|Any CPU = Debug|Any CPU
		Release|Any CPU = Release|Any CPU
	EndGlobalSection
	GlobalSection(ProjectConfigurationPlatforms) = postSolution
		{6B1D6859-7B9A-40FD-92D1-1158012DE491}.Debug|Any CPU.ActiveCfg = Debug|Any CPU
		{6B1D6859-7B9A-40FD-92D1-1158012DE491}.Debug|Any CPU.Build.0 = Debug|Any CPU
		{6B1D6859-7B9A-40FD-92D1-1158012DE491}.Release|Any CPU.ActiveCfg = Release|Any CPU
		{6B1D6859-7B9A-40FD-92D1-1158012DE491}.Release|Any CPU.Build.0 = Release|Any CPU
		{D3073998-62C6-4956-A87C-617400B968C8}.Debug|Any CPU.ActiveCfg = Debug|Any CPU
		{D3073998-62C6-4956-A87C-617400B968C8}.Debug|Any CPU.Build.0 = Debug|Any CPU
		{D3073998-62C6-4956-A87C-617400B968C8}.Release|Any CPU.ActiveCfg = Release|Any CPU
		{D3073998-62C6-4956-A87C-617400B968C8}.Release|Any CPU.Build.0 = Release|Any CPU
		{DE08A109-1CAA-4AE4-90A4-965ED37A1819}.Debug|Any CPU.ActiveCfg = Debug|Any CPU
		{DE08A109-1CAA-4AE4-90A4-965ED37A1819}.Debug|Any CPU.Build.0 = Debug|Any CPU
		{DE08A109-1CAA-4AE4-90A4-965ED37A1819}.Release|Any CPU.ActiveCfg = Release|Any CPU
		{DE08A109-1CAA-4AE4-90A4-965ED37A1819}.Release|Any CPU.Build.0 = Release|Any CPU
		{B957BAA1-3331-4D69-BC93-3D08484E35A2}.Debug|Any CPU.ActiveCfg = Debug|Any CPU
		{B957BAA1-3331-4D69-BC93-3D08484E35A2}.Debug|Any CPU.Build.0 = Debug|Any CPU
		{B957BAA1-3331-4D69-BC93-3D08484E35A2}.Release|Any CPU.ActiveCfg = Release|Any CPU
		{B957BAA1-3331-4D69-BC93-3D08484E35A2}.Release|Any CPU.Build.0 = Release|Any CPU
		{FE496DB4-A78D-4BE6-AE2B-5C6A5196A431}.Debug|Any CPU.ActiveCfg = Debug|Any CPU
		{FE496DB4-A78D-4BE6-AE2B-5C6A5196A431}.Debug|Any CPU.Build.0 = Debug|Any CPU
		{FE496DB4-A78D-4BE6-AE2B-5C6A5196A431}.Release|Any CPU.ActiveCfg = Release|Any CPU
		{FE496DB4-A78D-4BE6-AE2B-5C6A5196A431}.Release|Any CPU.Build.0 = Release|Any CPU
	EndGlobalSection
	GlobalSection(SolutionProperties) = preSolution
		HideSolutionNode = FALSE
	EndGlobalSection
	GlobalSection(ExtensibilityGlobals) = postSolution
		SolutionGuid = {0A183957-32BB-4EE6-ACB4-22008FDAC5F9}
	EndGlobalSection
EndGlobal
